<?xml version="1.0" encoding="utf-8"?>
<Project ToolsVersion="4.0" xmlns="http://schemas.microsoft.com/developer/msbuild/2003">
  <ItemGroup>
    <Filter Include="Source Files">
      <UniqueIdentifier>{4FC737F1-C7A5-4376-A066-2A32D752A2FF}</UniqueIdentifier>
      <Extensions>cpp;c;cc;cxx;def;odl;idl;hpj;bat;asm;asmx</Extensions>
    </Filter>
    <Filter Include="Header Files">
      <UniqueIdentifier>{93995380-89BD-4b04-88EB-625FBE52EBFB}</UniqueIdentifier>
      <Extensions>h;hh;hpp;hxx;hm;inl;inc;ipp;xsd</Extensions>
    </Filter>
    <Filter Include="Header Files\Sprite">
      <UniqueIdentifier>{b47e6dac-2d57-4979-b80d-809a45c91778}</UniqueIdentifier>
    </Filter>
    <Filter Include="Header Files\Ultilities">
      <UniqueIdentifier>{80fa5ecf-f770-4ad4-bd3a-f95c0f501fc9}</UniqueIdentifier>
    </Filter>
    <Filter Include="Header Files\GameManager">
      <UniqueIdentifier>{66cff696-91b2-4063-a9d4-07595929a491}</UniqueIdentifier>
    </Filter>
    <Filter Include="Header Files\Animation">
      <UniqueIdentifier>{e0d95566-b5c5-46a8-ab43-1baa9e572c5e}</UniqueIdentifier>
    </Filter>
    <Filter Include="Header Files\TextureManager">
      <UniqueIdentifier>{055b1b14-d9cd-4e1c-b312-0e5a2069906b}</UniqueIdentifier>
    </Filter>
    <Filter Include="Resource Files">
      <UniqueIdentifier>{67DA6AB6-F800-4c08-8B7A-83BB121AAD01}</UniqueIdentifier>
      <Extensions>rc;ico;cur;bmp;dlg;rc2;rct;bin;rgs;gif;jpg;jpeg;jpe;resx;tiff;tif;png;wav;mfcribbon-ms</Extensions>
    </Filter>
    <Filter Include="Source Files\GameManager">
      <UniqueIdentifier>{7746eb0b-45d7-4387-83cd-d5d48e445173}</UniqueIdentifier>
    </Filter>
    <Filter Include="Source Files\Sprite">
      <UniqueIdentifier>{66d90d80-41ba-4847-a161-cde8ca6934ea}</UniqueIdentifier>
    </Filter>
    <Filter Include="Source Files\Texture">
      <UniqueIdentifier>{b7e6df98-4d66-45b1-8320-e2e6355df399}</UniqueIdentifier>
    </Filter>
    <Filter Include="Header Files\GameObject">
      <UniqueIdentifier>{e553c875-00bf-4459-a485-b50cddaa685c}</UniqueIdentifier>
    </Filter>
    <Filter Include="Source Files\GameObject">
      <UniqueIdentifier>{fe4483d2-86dd-4b81-9b0a-79e62710c40d}</UniqueIdentifier>
    </Filter>
    <Filter Include="Source Files\Animation">
      <UniqueIdentifier>{197e1d19-59eb-48ac-b955-f541073be536}</UniqueIdentifier>
    </Filter>
    <Filter Include="Source Files\Ultilities">
      <UniqueIdentifier>{7f1aee99-45c2-468c-ad8a-d0a2a64e2375}</UniqueIdentifier>
    </Filter>
  </ItemGroup>
  <ItemGroup>
    <ClInclude Include="main.h">
      <Filter>Header Files</Filter>
    </ClInclude>
    <ClInclude Include="Sprite.h">
      <Filter>Header Files\Sprite</Filter>
    </ClInclude>
    <ClInclude Include="Game.h">
      <Filter>Header Files\GameManager</Filter>
    </ClInclude>
    <ClInclude Include="SpriteManager.h">
      <Filter>Header Files\Sprite</Filter>
    </ClInclude>
    <ClInclude Include="Animation.h">
      <Filter>Header Files\Animation</Filter>
    </ClInclude>
    <ClInclude Include="AnimationFrame.h">
      <Filter>Header Files\Animation</Filter>
    </ClInclude>
    <ClInclude Include="TextureManager.h">
      <Filter>Header Files\TextureManager</Filter>
    </ClInclude>
    <ClInclude Include="mainConstants.h">
      <Filter>Header Files\Ultilities</Filter>
    </ClInclude>
    <ClInclude Include="TextureContanst.h">
      <Filter>Header Files\Ultilities</Filter>
    </ClInclude>
    <ClInclude Include="AnimationManager.h">
      <Filter>Header Files\Animation</Filter>
    </ClInclude>
    <ClInclude Include="GameObject.h">
      <Filter>Header Files\GameObject</Filter>
    </ClInclude>
    <ClInclude Include="Mario.h">
      <Filter>Header Files\GameObject</Filter>
    </ClInclude>
    <ClInclude Include="MarioConstants.h">
      <Filter>Header Files\Ultilities</Filter>
    </ClInclude>
    <ClInclude Include="AnimationConstants.h">
      <Filter>Header Files\Ultilities</Filter>
    </ClInclude>
    <ClInclude Include="SpriteConstants.h">
      <Filter>Header Files\Ultilities</Filter>
    </ClInclude>
    <ClInclude Include="KeyboardHandler.h">
      <Filter>Header Files\GameManager</Filter>
    </ClInclude>
    <ClInclude Include="debug.h">
      <Filter>Header Files\Ultilities</Filter>
    </ClInclude>
    <ClInclude Include="GameObjectManger.h">
      <Filter>Header Files\GameManager</Filter>
    </ClInclude>
  </ItemGroup>
  <ItemGroup>
    <ClCompile Include="main.cpp">
      <Filter>Source Files</Filter>
    </ClCompile>
    <ClCompile Include="Game.cpp">
      <Filter>Source Files\GameManager</Filter>
    </ClCompile>
    <ClCompile Include="SpriteManager.cpp">
      <Filter>Source Files\Sprite</Filter>
    </ClCompile>
    <ClCompile Include="Sprite.cpp">
      <Filter>Source Files\Sprite</Filter>
    </ClCompile>
    <ClCompile Include="TextureManager.cpp">
      <Filter>Source Files\Texture</Filter>
    </ClCompile>
    <ClCompile Include="GameObject.cpp">
      <Filter>Source Files\GameObject</Filter>
    </ClCompile>
    <ClCompile Include="Animation.cpp">
      <Filter>Source Files\Animation</Filter>
    </ClCompile>
    <ClCompile Include="AnimationFrame.cpp">
      <Filter>Source Files\Animation</Filter>
    </ClCompile>
    <ClCompile Include="AnimationManager.cpp">
      <Filter>Source Files\Animation</Filter>
    </ClCompile>
    <ClCompile Include="Mario.cpp">
      <Filter>Source Files\GameObject</Filter>
    </ClCompile>
    <ClCompile Include="debug.cpp">
      <Filter>Source Files\Ultilities</Filter>
    </ClCompile>
    <ClCompile Include="GameObjectManger.cpp">
      <Filter>Source Files\GameManager</Filter>
    </ClCompile>
  </ItemGroup>
</Project>